
Microsoft Visual Studio Solution File, Format Version 12.00
# Visual Studio 2012
Project("{FAE04EC0-301F-11D3-BF4B-00C04F79EFBC}") = "Code2Xml.Tools.AntlrHelper", "Code2Xml.Tools\AntlrHelper\Code2Xml.Tools.AntlrHelper.csproj", "{348EFA09-D22C-4F79-9738-BD82CB87FE7B}"
EndProject
Project("{FAE04EC0-301F-11D3-BF4B-00C04F79EFBC}") = "Code2Xml.Tools.AntlrHelper.Tests", "Code2Xml.Tools\AntlrHelper.Tests\Code2Xml.Tools.AntlrHelper.Tests.csproj", "{1CFB2D6F-4D1F-4D9F-9414-997CDFEA214B}"
EndProject
Project("{FAE04EC0-301F-11D3-BF4B-00C04F79EFBC}") = "Code2Xml.Tools.Console", "Code2Xml.Tools\Console\Code2Xml.Tools.Console.csproj", "{5C40DA45-ACB3-4FC4-8CD4-E9053D4081D2}"
EndProject
Project("{FAE04EC0-301F-11D3-BF4B-00C04F79EFBC}") = "Code2Xml.Tools.Console.Tests", "Code2Xml.Tools\Console.Tests\Code2Xml.Tools.Console.Tests.csproj", "{806FF729-C900-45C4-ADD8-09108915062E}"
EndProject
Project("{FAE04EC0-301F-11D3-BF4B-00C04F79EFBC}") = "Code2Xml.Core", "Code2Xml.Core\Code2Xml.Core.csproj", "{BCCD95A9-7685-4B15-9DA3-E48CC0BF499B}"
EndProject
Project("{FAE04EC0-301F-11D3-BF4B-00C04F79EFBC}") = "Code2Xml.Core.Tests", "Code2Xml.Core.Tests\Code2Xml.Core.Tests.csproj", "{F4035613-FAA1-419C-880C-EE60DDA08783}"
EndProject
Project("{FAE04EC0-301F-11D3-BF4B-00C04F79EFBC}") = "Code2Xml.Languages.Tests", "Code2Xml.Languages\Tests\Code2Xml.Languages.Tests.csproj", "{86952E9C-1B69-4AAE-A3AA-087B09527EAF}"
EndProject
Project("{2150E333-8FDC-42A3-9474-1A3956D46DE8}") = "Core", "Core", "{F50A45D2-CE71-40EC-9F75-F9C5878581EE}"
EndProject
Project("{2150E333-8FDC-42A3-9474-1A3956D46DE8}") = "Tools", "Tools", "{82BBD351-475C-4B14-A1E9-A7183134CE29}"
EndProject
Project("{2150E333-8FDC-42A3-9474-1A3956D46DE8}") = "Languages", "Languages", "{56DC2A40-779D-453E-A9BE-3E3484EC5706}"
EndProject
Project("{2150E333-8FDC-42A3-9474-1A3956D46DE8}") = ".nuget", ".nuget", "{540FD119-BEBB-438D-9C0B-13CCB9174718}"
	ProjectSection(SolutionItems) = preProject
		.nuget\NuGet.Config = .nuget\NuGet.Config
		.nuget\NuGet.exe = .nuget\NuGet.exe
		.nuget\NuGet.targets = .nuget\NuGet.targets
	EndProjectSection
EndProject
Project("{FAE04EC0-301F-11D3-BF4B-00C04F79EFBC}") = "Code2Xml.Languages.ANTLRv4", "Code2Xml.Languages\ANTLRv4\Code2Xml.Languages.ANTLRv4.csproj", "{1DE85DA9-6EBF-49D1-8DDA-75D9D25497F6}"
EndProject
Project("{FAE04EC0-301F-11D3-BF4B-00C04F79EFBC}") = "Code2Xml.Languages.ANTLRv4.Tests", "Code2Xml.Languages\ANTLRv4.Tests\Code2Xml.Languages.ANTLRv4.Tests.csproj", "{DC45440D-7784-429B-B57F-4A0B76980394}"
EndProject
Project("{FAE04EC0-301F-11D3-BF4B-00C04F79EFBC}") = "Code2Xml.Languages.ANTLRv3", "Code2Xml.Languages\ANTLRv3\Code2Xml.Languages.ANTLRv3.csproj", "{942A56FD-13AF-4EE6-A8D7-7DDF50374715}"
EndProject
Project("{FAE04EC0-301F-11D3-BF4B-00C04F79EFBC}") = "Code2Xml.Languages.ANTLRv3.Tests", "Code2Xml.Languages\ANTLRv3.Tests\Code2Xml.Languages.ANTLRv3.Tests.csproj", "{660EE975-CBE5-4C2C-B83B-CEC296FFE308}"
EndProject
Project("{FAE04EC0-301F-11D3-BF4B-00C04F79EFBC}") = "ParserTests", "ParserTests\ParserTests\ParserTests.csproj", "{20510236-D8B1-4617-9352-4E6134F9AB67}"
EndProject
Project("{FAE04EC0-301F-11D3-BF4B-00C04F79EFBC}") = "Code2Xml.Languages.ExternalGenerators", "Code2Xml.Languages\ExternalPrograms\Code2Xml.Languages.ExternalGenerators.csproj", "{311EA4B7-DD3C-4945-9AE3-A86A3EDE6A68}"
EndProject
Project("{FAE04EC0-301F-11D3-BF4B-00C04F79EFBC}") = "Code2Xml.Languages.ExternalGenerators.Tests", "Code2Xml.Languages\ExternalPrograms.Tests\Code2Xml.Languages.ExternalGenerators.Tests.csproj", "{35ADE4E2-F98D-4E6C-8F3A-DAE507183A4F}"
EndProject
Project("{FAE04EC0-301F-11D3-BF4B-00C04F79EFBC}") = "Code2Xml.Objects", "Code2Xml.Objects\Code2Xml.Objects.csproj", "{447B693B-B4D5-4B97-ADF7-4F8546D9DD8E}"
EndProject
Project("{FAE04EC0-301F-11D3-BF4B-00C04F79EFBC}") = "Code2Xml.Objects.Tests", "Code2Xml.Objects.Tests\Code2Xml.Objects.Tests.csproj", "{4E5FC8A6-CB8C-49CE-B149-D889D603CED5}"
EndProject
Project("{FAE04EC0-301F-11D3-BF4B-00C04F79EFBC}") = "Code2Xml.Inference", "Code2Xml.Inference\Code2Xml.Inference.csproj", "{E0E457AB-F0A8-4C77-89FD-D56C94BBBD3B}"
EndProject
Project("{FAE04EC0-301F-11D3-BF4B-00C04F79EFBC}") = "Code2Xml.Inference.Tests", "Code2Xml.Inference.Tests\Code2Xml.Inference.Tests.csproj", "{12937A76-F075-4EFD-B80F-BF0F9F84179B}"
EndProject
Global
	GlobalSection(SolutionConfigurationPlatforms) = preSolution
		Debug|Any CPU = Debug|Any CPU
		Debug|Mixed Platforms = Debug|Mixed Platforms
		Debug|x86 = Debug|x86
		Release|Any CPU = Release|Any CPU
		Release|Mixed Platforms = Release|Mixed Platforms
		Release|x86 = Release|x86
	EndGlobalSection
	GlobalSection(ProjectConfigurationPlatforms) = postSolution
		{348EFA09-D22C-4F79-9738-BD82CB87FE7B}.Debug|Any CPU.ActiveCfg = Debug|x86
		{348EFA09-D22C-4F79-9738-BD82CB87FE7B}.Debug|Mixed Platforms.ActiveCfg = Debug|x86
		{348EFA09-D22C-4F79-9738-BD82CB87FE7B}.Debug|Mixed Platforms.Build.0 = Debug|x86
		{348EFA09-D22C-4F79-9738-BD82CB87FE7B}.Debug|x86.ActiveCfg = Debug|x86
		{348EFA09-D22C-4F79-9738-BD82CB87FE7B}.Debug|x86.Build.0 = Debug|x86
		{348EFA09-D22C-4F79-9738-BD82CB87FE7B}.Release|Any CPU.ActiveCfg = Release|x86
		{348EFA09-D22C-4F79-9738-BD82CB87FE7B}.Release|Mixed Platforms.ActiveCfg = Release|x86
		{348EFA09-D22C-4F79-9738-BD82CB87FE7B}.Release|Mixed Platforms.Build.0 = Release|x86
		{348EFA09-D22C-4F79-9738-BD82CB87FE7B}.Release|x86.ActiveCfg = Release|x86
		{348EFA09-D22C-4F79-9738-BD82CB87FE7B}.Release|x86.Build.0 = Release|x86
		{1CFB2D6F-4D1F-4D9F-9414-997CDFEA214B}.Debug|Any CPU.ActiveCfg = Debug|Any CPU
		{1CFB2D6F-4D1F-4D9F-9414-997CDFEA214B}.Debug|Any CPU.Build.0 = Debug|Any CPU
		{1CFB2D6F-4D1F-4D9F-9414-997CDFEA214B}.Debug|Mixed Platforms.ActiveCfg = Debug|Any CPU
		{1CFB2D6F-4D1F-4D9F-9414-997CDFEA214B}.Debug|Mixed Platforms.Build.0 = Debug|Any CPU
		{1CFB2D6F-4D1F-4D9F-9414-997CDFEA214B}.Debug|x86.ActiveCfg = Debug|Any CPU
		{1CFB2D6F-4D1F-4D9F-9414-997CDFEA214B}.Release|Any CPU.ActiveCfg = Release|Any CPU
		{1CFB2D6F-4D1F-4D9F-9414-997CDFEA214B}.Release|Any CPU.Build.0 = Release|Any CPU
		{1CFB2D6F-4D1F-4D9F-9414-997CDFEA214B}.Release|Mixed Platforms.ActiveCfg = Release|Any CPU
		{1CFB2D6F-4D1F-4D9F-9414-997CDFEA214B}.Release|Mixed Platforms.Build.0 = Release|Any CPU
		{1CFB2D6F-4D1F-4D9F-9414-997CDFEA214B}.Release|x86.ActiveCfg = Release|Any CPU
		{5C40DA45-ACB3-4FC4-8CD4-E9053D4081D2}.Debug|Any CPU.ActiveCfg = Debug|x86
		{5C40DA45-ACB3-4FC4-8CD4-E9053D4081D2}.Debug|Mixed Platforms.ActiveCfg = Debug|x86
		{5C40DA45-ACB3-4FC4-8CD4-E9053D4081D2}.Debug|Mixed Platforms.Build.0 = Debug|x86
		{5C40DA45-ACB3-4FC4-8CD4-E9053D4081D2}.Debug|x86.ActiveCfg = Debug|x86
		{5C40DA45-ACB3-4FC4-8CD4-E9053D4081D2}.Debug|x86.Build.0 = Debug|x86
		{5C40DA45-ACB3-4FC4-8CD4-E9053D4081D2}.Release|Any CPU.ActiveCfg = Release|x86
		{5C40DA45-ACB3-4FC4-8CD4-E9053D4081D2}.Release|Mixed Platforms.ActiveCfg = Release|x86
		{5C40DA45-ACB3-4FC4-8CD4-E9053D4081D2}.Release|Mixed Platforms.Build.0 = Release|x86
		{5C40DA45-ACB3-4FC4-8CD4-E9053D4081D2}.Release|x86.ActiveCfg = Release|x86
		{5C40DA45-ACB3-4FC4-8CD4-E9053D4081D2}.Release|x86.Build.0 = Release|x86
		{806FF729-C900-45C4-ADD8-09108915062E}.Debug|Any CPU.ActiveCfg = Debug|Any CPU
		{806FF729-C900-45C4-ADD8-09108915062E}.Debug|Any CPU.Build.0 = Debug|Any CPU
		{806FF729-C900-45C4-ADD8-09108915062E}.Debug|Mixed Platforms.ActiveCfg = Debug|Any CPU
		{806FF729-C900-45C4-ADD8-09108915062E}.Debug|Mixed Platforms.Build.0 = Debug|Any CPU
		{806FF729-C900-45C4-ADD8-09108915062E}.Debug|x86.ActiveCfg = Debug|Any CPU
		{806FF729-C900-45C4-ADD8-09108915062E}.Release|Any CPU.ActiveCfg = Release|Any CPU
		{806FF729-C900-45C4-ADD8-09108915062E}.Release|Any CPU.Build.0 = Release|Any CPU
		{806FF729-C900-45C4-ADD8-09108915062E}.Release|Mixed Platforms.ActiveCfg = Release|Any CPU
		{806FF729-C900-45C4-ADD8-09108915062E}.Release|Mixed Platforms.Build.0 = Release|Any CPU
		{806FF729-C900-45C4-ADD8-09108915062E}.Release|x86.ActiveCfg = Release|Any CPU
		{BCCD95A9-7685-4B15-9DA3-E48CC0BF499B}.Debug|Any CPU.ActiveCfg = Debug|Any CPU
		{BCCD95A9-7685-4B15-9DA3-E48CC0BF499B}.Debug|Any CPU.Build.0 = Debug|Any CPU
		{BCCD95A9-7685-4B15-9DA3-E48CC0BF499B}.Debug|Mixed Platforms.ActiveCfg = Debug|Any CPU
		{BCCD95A9-7685-4B15-9DA3-E48CC0BF499B}.Debug|Mixed Platforms.Build.0 = Debug|Any CPU
		{BCCD95A9-7685-4B15-9DA3-E48CC0BF499B}.Debug|x86.ActiveCfg = Debug|Any CPU
		{BCCD95A9-7685-4B15-9DA3-E48CC0BF499B}.Release|Any CPU.ActiveCfg = Release|Any CPU
		{BCCD95A9-7685-4B15-9DA3-E48CC0BF499B}.Release|Any CPU.Build.0 = Release|Any CPU
		{BCCD95A9-7685-4B15-9DA3-E48CC0BF499B}.Release|Mixed Platforms.ActiveCfg = Release|Any CPU
		{BCCD95A9-7685-4B15-9DA3-E48CC0BF499B}.Release|Mixed Platforms.Build.0 = Release|Any CPU
		{BCCD95A9-7685-4B15-9DA3-E48CC0BF499B}.Release|x86.ActiveCfg = Release|Any CPU
		{F4035613-FAA1-419C-880C-EE60DDA08783}.Debug|Any CPU.ActiveCfg = Debug|Any CPU
		{F4035613-FAA1-419C-880C-EE60DDA08783}.Debug|Any CPU.Build.0 = Debug|Any CPU
		{F4035613-FAA1-419C-880C-EE60DDA08783}.Debug|Mixed Platforms.ActiveCfg = Debug|Any CPU
		{F4035613-FAA1-419C-880C-EE60DDA08783}.Debug|Mixed Platforms.Build.0 = Debug|Any CPU
		{F4035613-FAA1-419C-880C-EE60DDA08783}.Debug|x86.ActiveCfg = Debug|Any CPU
		{F4035613-FAA1-419C-880C-EE60DDA08783}.Release|Any CPU.ActiveCfg = Release|Any CPU
		{F4035613-FAA1-419C-880C-EE60DDA08783}.Release|Any CPU.Build.0 = Release|Any CPU
		{F4035613-FAA1-419C-880C-EE60DDA08783}.Release|Mixed Platforms.ActiveCfg = Release|Any CPU
		{F4035613-FAA1-419C-880C-EE60DDA08783}.Release|Mixed Platforms.Build.0 = Release|Any CPU
		{F4035613-FAA1-419C-880C-EE60DDA08783}.Release|x86.ActiveCfg = Release|Any CPU
		{86952E9C-1B69-4AAE-A3AA-087B09527EAF}.Debug|Any CPU.ActiveCfg = Debug|Any CPU
		{86952E9C-1B69-4AAE-A3AA-087B09527EAF}.Debug|Any CPU.Build.0 = Debug|Any CPU
		{86952E9C-1B69-4AAE-A3AA-087B09527EAF}.Debug|Mixed Platforms.ActiveCfg = Debug|Any CPU
		{86952E9C-1B69-4AAE-A3AA-087B09527EAF}.Debug|Mixed Platforms.Build.0 = Debug|Any CPU
		{86952E9C-1B69-4AAE-A3AA-087B09527EAF}.Debug|x86.ActiveCfg = Debug|Any CPU
		{86952E9C-1B69-4AAE-A3AA-087B09527EAF}.Release|Any CPU.ActiveCfg = Release|Any CPU
		{86952E9C-1B69-4AAE-A3AA-087B09527EAF}.Release|Any CPU.Build.0 = Release|Any CPU
		{86952E9C-1B69-4AAE-A3AA-087B09527EAF}.Release|Mixed Platforms.ActiveCfg = Release|Any CPU
		{86952E9C-1B69-4AAE-A3AA-087B09527EAF}.Release|Mixed Platforms.Build.0 = Release|Any CPU
		{86952E9C-1B69-4AAE-A3AA-087B09527EAF}.Release|x86.ActiveCfg = Release|Any CPU
		{1DE85DA9-6EBF-49D1-8DDA-75D9D25497F6}.Debug|Any CPU.ActiveCfg = Debug|Any CPU
		{1DE85DA9-6EBF-49D1-8DDA-75D9D25497F6}.Debug|Any CPU.Build.0 = Debug|Any CPU
		{1DE85DA9-6EBF-49D1-8DDA-75D9D25497F6}.Debug|Mixed Platforms.ActiveCfg = Debug|Any CPU
		{1DE85DA9-6EBF-49D1-8DDA-75D9D25497F6}.Debug|Mixed Platforms.Build.0 = Debug|Any CPU
		{1DE85DA9-6EBF-49D1-8DDA-75D9D25497F6}.Debug|x86.ActiveCfg = Debug|Any CPU
		{1DE85DA9-6EBF-49D1-8DDA-75D9D25497F6}.Release|Any CPU.ActiveCfg = Release|Any CPU
		{1DE85DA9-6EBF-49D1-8DDA-75D9D25497F6}.Release|Any CPU.Build.0 = Release|Any CPU
		{1DE85DA9-6EBF-49D1-8DDA-75D9D25497F6}.Release|Mixed Platforms.ActiveCfg = Release|Any CPU
		{1DE85DA9-6EBF-49D1-8DDA-75D9D25497F6}.Release|Mixed Platforms.Build.0 = Release|Any CPU
		{1DE85DA9-6EBF-49D1-8DDA-75D9D25497F6}.Release|x86.ActiveCfg = Release|Any CPU
		{DC45440D-7784-429B-B57F-4A0B76980394}.Debug|Any CPU.ActiveCfg = Debug|Any CPU
		{DC45440D-7784-429B-B57F-4A0B76980394}.Debug|Any CPU.Build.0 = Debug|Any CPU
		{DC45440D-7784-429B-B57F-4A0B76980394}.Debug|Mixed Platforms.ActiveCfg = Debug|Any CPU
		{DC45440D-7784-429B-B57F-4A0B76980394}.Debug|Mixed Platforms.Build.0 = Debug|Any CPU
		{DC45440D-7784-429B-B57F-4A0B76980394}.Debug|x86.ActiveCfg = Debug|Any CPU
		{DC45440D-7784-429B-B57F-4A0B76980394}.Release|Any CPU.ActiveCfg = Release|Any CPU
		{DC45440D-7784-429B-B57F-4A0B76980394}.Release|Any CPU.Build.0 = Release|Any CPU
		{DC45440D-7784-429B-B57F-4A0B76980394}.Release|Mixed Platforms.ActiveCfg = Release|Any CPU
		{DC45440D-7784-429B-B57F-4A0B76980394}.Release|Mixed Platforms.Build.0 = Release|Any CPU
		{DC45440D-7784-429B-B57F-4A0B76980394}.Release|x86.ActiveCfg = Release|Any CPU
		{942A56FD-13AF-4EE6-A8D7-7DDF50374715}.Debug|Any CPU.ActiveCfg = Debug|Any CPU
		{942A56FD-13AF-4EE6-A8D7-7DDF50374715}.Debug|Any CPU.Build.0 = Debug|Any CPU
		{942A56FD-13AF-4EE6-A8D7-7DDF50374715}.Debug|Mixed Platforms.ActiveCfg = Debug|Any CPU
		{942A56FD-13AF-4EE6-A8D7-7DDF50374715}.Debug|Mixed Platforms.Build.0 = Debug|Any CPU
		{942A56FD-13AF-4EE6-A8D7-7DDF50374715}.Debug|x86.ActiveCfg = Debug|Any CPU
		{942A56FD-13AF-4EE6-A8D7-7DDF50374715}.Release|Any CPU.ActiveCfg = Release|Any CPU
		{942A56FD-13AF-4EE6-A8D7-7DDF50374715}.Release|Any CPU.Build.0 = Release|Any CPU
		{942A56FD-13AF-4EE6-A8D7-7DDF50374715}.Release|Mixed Platforms.ActiveCfg = Release|Any CPU
		{942A56FD-13AF-4EE6-A8D7-7DDF50374715}.Release|Mixed Platforms.Build.0 = Release|Any CPU
		{942A56FD-13AF-4EE6-A8D7-7DDF50374715}.Release|x86.ActiveCfg = Release|Any CPU
		{660EE975-CBE5-4C2C-B83B-CEC296FFE308}.Debug|Any CPU.ActiveCfg = Debug|Any CPU
		{660EE975-CBE5-4C2C-B83B-CEC296FFE308}.Debug|Any CPU.Build.0 = Debug|Any CPU
		{660EE975-CBE5-4C2C-B83B-CEC296FFE308}.Debug|Mixed Platforms.ActiveCfg = Debug|Any CPU
		{660EE975-CBE5-4C2C-B83B-CEC296FFE308}.Debug|Mixed Platforms.Build.0 = Debug|Any CPU
		{660EE975-CBE5-4C2C-B83B-CEC296FFE308}.Debug|x86.ActiveCfg = Debug|Any CPU
		{660EE975-CBE5-4C2C-B83B-CEC296FFE308}.Release|Any CPU.ActiveCfg = Release|Any CPU
		{660EE975-CBE5-4C2C-B83B-CEC296FFE308}.Release|Any CPU.Build.0 = Release|Any CPU
		{660EE975-CBE5-4C2C-B83B-CEC296FFE308}.Release|Mixed Platforms.ActiveCfg = Release|Any CPU
		{660EE975-CBE5-4C2C-B83B-CEC296FFE308}.Release|Mixed Platforms.Build.0 = Release|Any CPU
		{660EE975-CBE5-4C2C-B83B-CEC296FFE308}.Release|x86.ActiveCfg = Release|Any CPU
		{20510236-D8B1-4617-9352-4E6134F9AB67}.Debug|Any CPU.ActiveCfg = Debug|Any CPU
		{20510236-D8B1-4617-9352-4E6134F9AB67}.Debug|Any CPU.Build.0 = Debug|Any CPU
		{20510236-D8B1-4617-9352-4E6134F9AB67}.Debug|Mixed Platforms.ActiveCfg = Debug|Any CPU
		{20510236-D8B1-4617-9352-4E6134F9AB67}.Debug|Mixed Platforms.Build.0 = Debug|Any CPU
		{20510236-D8B1-4617-9352-4E6134F9AB67}.Debug|x86.ActiveCfg = Debug|Any CPU
		{20510236-D8B1-4617-9352-4E6134F9AB67}.Release|Any CPU.ActiveCfg = Release|Any CPU
		{20510236-D8B1-4617-9352-4E6134F9AB67}.Release|Any CPU.Build.0 = Release|Any CPU
		{20510236-D8B1-4617-9352-4E6134F9AB67}.Release|Mixed Platforms.ActiveCfg = Release|Any CPU
		{20510236-D8B1-4617-9352-4E6134F9AB67}.Release|Mixed Platforms.Build.0 = Release|Any CPU
		{20510236-D8B1-4617-9352-4E6134F9AB67}.Release|x86.ActiveCfg = Release|Any CPU
		{311EA4B7-DD3C-4945-9AE3-A86A3EDE6A68}.Debug|Any CPU.ActiveCfg = Debug|Any CPU
		{311EA4B7-DD3C-4945-9AE3-A86A3EDE6A68}.Debug|Any CPU.Build.0 = Debug|Any CPU
		{311EA4B7-DD3C-4945-9AE3-A86A3EDE6A68}.Debug|Mixed Platforms.ActiveCfg = Debug|Any CPU
		{311EA4B7-DD3C-4945-9AE3-A86A3EDE6A68}.Debug|Mixed Platforms.Build.0 = Debug|Any CPU
		{311EA4B7-DD3C-4945-9AE3-A86A3EDE6A68}.Debug|x86.ActiveCfg = Debug|Any CPU
		{311EA4B7-DD3C-4945-9AE3-A86A3EDE6A68}.Release|Any CPU.ActiveCfg = Release|Any CPU
		{311EA4B7-DD3C-4945-9AE3-A86A3EDE6A68}.Release|Any CPU.Build.0 = Release|Any CPU
		{311EA4B7-DD3C-4945-9AE3-A86A3EDE6A68}.Release|Mixed Platforms.ActiveCfg = Release|Any CPU
		{311EA4B7-DD3C-4945-9AE3-A86A3EDE6A68}.Release|Mixed Platforms.Build.0 = Release|Any CPU
		{311EA4B7-DD3C-4945-9AE3-A86A3EDE6A68}.Release|x86.ActiveCfg = Release|Any CPU
		{35ADE4E2-F98D-4E6C-8F3A-DAE507183A4F}.Debug|Any CPU.ActiveCfg = Debug|Any CPU
		{35ADE4E2-F98D-4E6C-8F3A-DAE507183A4F}.Debug|Any CPU.Build.0 = Debug|Any CPU
		{35ADE4E2-F98D-4E6C-8F3A-DAE507183A4F}.Debug|Mixed Platforms.ActiveCfg = Debug|Any CPU
		{35ADE4E2-F98D-4E6C-8F3A-DAE507183A4F}.Debug|Mixed Platforms.Build.0 = Debug|Any CPU
		{35ADE4E2-F98D-4E6C-8F3A-DAE507183A4F}.Debug|x86.ActiveCfg = Debug|Any CPU
		{35ADE4E2-F98D-4E6C-8F3A-DAE507183A4F}.Release|Any CPU.ActiveCfg = Release|Any CPU
		{35ADE4E2-F98D-4E6C-8F3A-DAE507183A4F}.Release|Any CPU.Build.0 = Release|Any CPU
		{35ADE4E2-F98D-4E6C-8F3A-DAE507183A4F}.Release|Mixed Platforms.ActiveCfg = Release|Any CPU
		{35ADE4E2-F98D-4E6C-8F3A-DAE507183A4F}.Release|Mixed Platforms.Build.0 = Release|Any CPU
		{35ADE4E2-F98D-4E6C-8F3A-DAE507183A4F}.Release|x86.ActiveCfg = Release|Any CPU
		{447B693B-B4D5-4B97-ADF7-4F8546D9DD8E}.Debug|Any CPU.ActiveCfg = Debug|Any CPU
		{447B693B-B4D5-4B97-ADF7-4F8546D9DD8E}.Debug|Any CPU.Build.0 = Debug|Any CPU
		{447B693B-B4D5-4B97-ADF7-4F8546D9DD8E}.Debug|Mixed Platforms.ActiveCfg = Debug|Any CPU
		{447B693B-B4D5-4B97-ADF7-4F8546D9DD8E}.Debug|Mixed Platforms.Build.0 = Debug|Any CPU
		{447B693B-B4D5-4B97-ADF7-4F8546D9DD8E}.Debug|x86.ActiveCfg = Debug|Any CPU
		{447B693B-B4D5-4B97-ADF7-4F8546D9DD8E}.Release|Any CPU.ActiveCfg = Release|Any CPU
		{447B693B-B4D5-4B97-ADF7-4F8546D9DD8E}.Release|Any CPU.Build.0 = Release|Any CPU
		{447B693B-B4D5-4B97-ADF7-4F8546D9DD8E}.Release|Mixed Platforms.ActiveCfg = Release|Any CPU
		{447B693B-B4D5-4B97-ADF7-4F8546D9DD8E}.Release|Mixed Platforms.Build.0 = Release|Any CPU
		{447B693B-B4D5-4B97-ADF7-4F8546D9DD8E}.Release|x86.ActiveCfg = Release|Any CPU
		{4E5FC8A6-CB8C-49CE-B149-D889D603CED5}.Debug|Any CPU.ActiveCfg = Debug|Any CPU
		{4E5FC8A6-CB8C-49CE-B149-D889D603CED5}.Debug|Any CPU.Build.0 = Debug|Any CPU
		{4E5FC8A6-CB8C-49CE-B149-D889D603CED5}.Debug|Mixed Platforms.ActiveCfg = Debug|Any CPU
		{4E5FC8A6-CB8C-49CE-B149-D889D603CED5}.Debug|Mixed Platforms.Build.0 = Debug|Any CPU
		{4E5FC8A6-CB8C-49CE-B149-D889D603CED5}.Debug|x86.ActiveCfg = Debug|Any CPU
		{4E5FC8A6-CB8C-49CE-B149-D889D603CED5}.Release|Any CPU.ActiveCfg = Release|Any CPU
		{4E5FC8A6-CB8C-49CE-B149-D889D603CED5}.Release|Any CPU.Build.0 = Release|Any CPU
		{4E5FC8A6-CB8C-49CE-B149-D889D603CED5}.Release|Mixed Platforms.ActiveCfg = Release|Any CPU
		{4E5FC8A6-CB8C-49CE-B149-D889D603CED5}.Release|Mixed Platforms.Build.0 = Release|Any CPU
		{4E5FC8A6-CB8C-49CE-B149-D889D603CED5}.Release|x86.ActiveCfg = Release|Any CPU
		{E0E457AB-F0A8-4C77-89FD-D56C94BBBD3B}.Debug|Any CPU.ActiveCfg = Debug|Any CPU
		{E0E457AB-F0A8-4C77-89FD-D56C94BBBD3B}.Debug|Any CPU.Build.0 = Debug|Any CPU
		{E0E457AB-F0A8-4C77-89FD-D56C94BBBD3B}.Debug|Mixed Platforms.ActiveCfg = Debug|Any CPU
		{E0E457AB-F0A8-4C77-89FD-D56C94BBBD3B}.Debug|Mixed Platforms.Build.0 = Debug|Any CPU
		{E0E457AB-F0A8-4C77-89FD-D56C94BBBD3B}.Debug|x86.ActiveCfg = Debug|Any CPU
		{E0E457AB-F0A8-4C77-89FD-D56C94BBBD3B}.Release|Any CPU.ActiveCfg = Release|Any CPU
		{E0E457AB-F0A8-4C77-89FD-D56C94BBBD3B}.Release|Any CPU.Build.0 = Release|Any CPU
		{E0E457AB-F0A8-4C77-89FD-D56C94BBBD3B}.Release|Mixed Platforms.ActiveCfg = Release|Any CPU
		{E0E457AB-F0A8-4C77-89FD-D56C94BBBD3B}.Release|Mixed Platforms.Build.0 = Release|Any CPU
		{E0E457AB-F0A8-4C77-89FD-D56C94BBBD3B}.Release|x86.ActiveCfg = Release|Any CPU
		{12937A76-F075-4EFD-B80F-BF0F9F84179B}.Debug|Any CPU.ActiveCfg = Debug|Any CPU
		{12937A76-F075-4EFD-B80F-BF0F9F84179B}.Debug|Any CPU.Build.0 = Debug|Any CPU
		{12937A76-F075-4EFD-B80F-BF0F9F84179B}.Debug|Mixed Platforms.ActiveCfg = Debug|Any CPU
		{12937A76-F075-4EFD-B80F-BF0F9F84179B}.Debug|Mixed Platforms.Build.0 = Debug|Any CPU
		{12937A76-F075-4EFD-B80F-BF0F9F84179B}.Debug|x86.ActiveCfg = Debug|Any CPU
		{12937A76-F075-4EFD-B80F-BF0F9F84179B}.Release|Any CPU.ActiveCfg = Release|Any CPU
		{12937A76-F075-4EFD-B80F-BF0F9F84179B}.Release|Any CPU.Build.0 = Release|Any CPU
		{12937A76-F075-4EFD-B80F-BF0F9F84179B}.Release|Mixed Platforms.ActiveCfg = Release|Any CPU
		{12937A76-F075-4EFD-B80F-BF0F9F84179B}.Release|Mixed Platforms.Build.0 = Release|Any CPU
		{12937A76-F075-4EFD-B80F-BF0F9F84179B}.Release|x86.ActiveCfg = Release|Any CPU
	EndGlobalSection
	GlobalSection(SolutionProperties) = preSolution
		HideSolutionNode = FALSE
	EndGlobalSection
	GlobalSection(NestedProjects) = preSolution
		{1CFB2D6F-4D1F-4D9F-9414-997CDFEA214B} = {82BBD351-475C-4B14-A1E9-A7183134CE29}
		{5C40DA45-ACB3-4FC4-8CD4-E9053D4081D2} = {82BBD351-475C-4B14-A1E9-A7183134CE29}
		{806FF729-C900-45C4-ADD8-09108915062E} = {82BBD351-475C-4B14-A1E9-A7183134CE29}
		{348EFA09-D22C-4F79-9738-BD82CB87FE7B} = {82BBD351-475C-4B14-A1E9-A7183134CE29}
		{F4035613-FAA1-419C-880C-EE60DDA08783} = {F50A45D2-CE71-40EC-9F75-F9C5878581EE}
		{BCCD95A9-7685-4B15-9DA3-E48CC0BF499B} = {F50A45D2-CE71-40EC-9F75-F9C5878581EE}
		{447B693B-B4D5-4B97-ADF7-4F8546D9DD8E} = {F50A45D2-CE71-40EC-9F75-F9C5878581EE}
		{4E5FC8A6-CB8C-49CE-B149-D889D603CED5} = {F50A45D2-CE71-40EC-9F75-F9C5878581EE}
		{86952E9C-1B69-4AAE-A3AA-087B09527EAF} = {56DC2A40-779D-453E-A9BE-3E3484EC5706}
		{1DE85DA9-6EBF-49D1-8DDA-75D9D25497F6} = {56DC2A40-779D-453E-A9BE-3E3484EC5706}
		{DC45440D-7784-429B-B57F-4A0B76980394} = {56DC2A40-779D-453E-A9BE-3E3484EC5706}
		{942A56FD-13AF-4EE6-A8D7-7DDF50374715} = {56DC2A40-779D-453E-A9BE-3E3484EC5706}
		{660EE975-CBE5-4C2C-B83B-CEC296FFE308} = {56DC2A40-779D-453E-A9BE-3E3484EC5706}
		{20510236-D8B1-4617-9352-4E6134F9AB67} = {56DC2A40-779D-453E-A9BE-3E3484EC5706}
		{311EA4B7-DD3C-4945-9AE3-A86A3EDE6A68} = {56DC2A40-779D-453E-A9BE-3E3484EC5706}
		{35ADE4E2-F98D-4E6C-8F3A-DAE507183A4F} = {56DC2A40-779D-453E-A9BE-3E3484EC5706}
	EndGlobalSection
EndGlobal
